
Microsoft Visual Studio Solution File, Format Version 12.00
# Visual Studio Version 17
VisualStudioVersion = 17.2.32526.322
MinimumVisualStudioVersion = 10.0.40219.1
Project("{FAE04EC0-301F-11D3-BF4B-00C04F79EFBC}") = "TestiniumProject", "TestiniumProject\TestiniumProject.csproj", "{9F2ED914-B999-4A32-A62F-B748DA8EEFF8}"
EndProject
Global
	GlobalSection(SolutionConfigurationPlatforms) = preSolution
		Debug|Any CPU = Debug|Any CPU
		Release|Any CPU = Release|Any CPU
	EndGlobalSection
	GlobalSection(ProjectConfigurationPlatforms) = postSolution
		{9F2ED914-B999-4A32-A62F-B748DA8EEFF8}.Debug|Any CPU.ActiveCfg = Debug|Any CPU
		{9F2ED914-B999-4A32-A62F-B748DA8EEFF8}.Debug|Any CPU.Build.0 = Debug|Any CPU
		{9F2ED914-B999-4A32-A62F-B748DA8EEFF8}.Release|Any CPU.ActiveCfg = Release|Any CPU
		{9F2ED914-B999-4A32-A62F-B748DA8EEFF8}.Release|Any CPU.Build.0 = Release|Any CPU
	EndGlobalSection
	GlobalSection(SolutionProperties) = preSolution
		HideSolutionNode = FALSE
	EndGlobalSection
	GlobalSection(ExtensibilityGlobals) = postSolution
		SolutionGuid = {494C0AC5-8B98-4A87-878E-BCF00546AF2D}
	EndGlobalSection
EndGlobal
